// !$*UTF8*$!
{
	archiveVersion = 1;
	classes = {
	};
	objectVersion = 46;
	objects = {

/* Begin PBXBuildFile section */
		6033585D16E529160091FA74 /* main.cpp in Sources */ = {isa = PBXBuildFile; fileRef = 6033585C16E529160091FA74 /* main.cpp */; };
		6033585F16E529160091FA74 /* STL_Sample_01.1 in CopyFiles */ = {isa = PBXBuildFile; fileRef = 6033585E16E529160091FA74 /* STL_Sample_01.1 */; };
		6033586716E529D10091FA74 /* Class.cpp in Sources */ = {isa = PBXBuildFile; fileRef = 6033586516E529D10091FA74 /* Class.cpp */; };
/* End PBXBuildFile section */

/* Begin PBXCopyFilesBuildPhase section */
		6033585716E529160091FA74 /* CopyFiles */ = {
			isa = PBXCopyFilesBuildPhase;
			buildActionMask = 2147483647;
			dstPath = /usr/share/man/man1/;
			dstSubfolderSpec = 0;
			files = (
				6033585F16E529160091FA74 /* STL_Sample_01.1 in CopyFiles */,
			);
			runOnlyForDeploymentPostprocessing = 1;
		};
/* End PBXCopyFilesBuildPhase section */

/* Begin PBXFileReference section */
		6033585916E529160091FA74 /* STL Sample 01 */ = {isa = PBXFileReference; explicitFileType = "compiled.mach-o.executable"; includeInIndex = 0; path = "STL Sample 01"; sourceTree = BUILT_PRODUCTS_DIR; };
		6033585C16E529160091FA74 /* main.cpp */ = {isa = PBXFileReference; lastKnownFileType = sourcecode.cpp.cpp; path = main.cpp; sourceTree = "<group>"; };
		6033585E16E529160091FA74 /* STL_Sample_01.1 */ = {isa = PBXFileReference; lastKnownFileType = text.man; path = STL_Sample_01.1; sourceTree = "<group>"; };
		6033586516E529D10091FA74 /* Class.cpp */ = {isa = PBXFileReference; fileEncoding = 4; lastKnownFileType = sourcecode.cpp.cpp; path = Class.cpp; sourceTree = "<group>"; };
		6033586616E529D10091FA74 /* Class.h */ = {isa = PBXFileReference; fileEncoding = 4; lastKnownFileType = sourcecode.c.h; path = Class.h; sourceTree = "<group>"; };
/* End PBXFileReference section */

/* Begin PBXFrameworksBuildPhase section */
		6033585616E529160091FA74 /* Frameworks */ = {
			isa = PBXFrameworksBuildPhase;
			buildActionMask = 2147483647;
			files = (
			);
			runOnlyForDeploymentPostprocessing = 0;
		};
/* End PBXFrameworksBuildPhase section */

/* Begin PBXGroup section */
		6033585016E529160091FA74 = {
			isa = PBXGroup;
			children = (
				6033585B16E529160091FA74 /* STL Sample 01 */,
				6033585A16E529160091FA74 /* Products */,
			);
			sourceTree = "<group>";
		};
		6033585A16E529160091FA74 /* Products */ = {
			isa = PBXGroup;
			children = (
				6033585916E529160091FA74 /* STL Sample 01 */,
			);
			name = Products;
			sourceTree = "<group>";
		};
		6033585B16E529160091FA74 /* STL Sample 01 */ = {
			isa = PBXGroup;
			children = (
				6033585C16E529160091FA74 /* main.cpp */,
				6033586516E529D10091FA74 /* Class.cpp */,
				6033586616E529D10091FA74 /* Class.h */,
				6033585E16E529160091FA74 /* STL_Sample_01.1 */,
			);
			path = "STL Sample 01";
			sourceTree = "<group>";
		};
/* End PBXGroup section */

/* Begin PBXNativeTarget section */
		6033585816E529160091FA74 /* STL Sample 01 */ = {
			isa = PBXNativeTarget;
			buildConfigurationList = 6033586216E529160091FA74 /* Build configuration list for PBXNativeTarget "STL Sample 01" */;
			buildPhases = (
				6033585516E529160091FA74 /* Sources */,
				6033585616E529160091FA74 /* Frameworks */,
				6033585716E529160091FA74 /* CopyFiles */,
			);
			buildRules = (
			);
			dependencies = (
			);
			name = "STL Sample 01";
			productName = "STL Sample 01";
			productReference = 6033585916E529160091FA74 /* STL Sample 01 */;
			productType = "com.apple.product-type.tool";
		};
/* End PBXNativeTarget section */

/* Begin PBXProject section */
		6033585116E529160091FA74 /* Project object */ = {
			isa = PBXProject;
			attributes = {
				LastUpgradeCheck = 0460;
				ORGANIZATIONNAME = "Bernd Lappas";
			};
			buildConfigurationList = 6033585416E529160091FA74 /* Build configuration list for PBXProject "STL Sample 01" */;
			compatibilityVersion = "Xcode 3.2";
			developmentRegion = English;
			hasScannedForEncodings = 0;
			knownRegions = (
				en,
			);
			mainGroup = 6033585016E529160091FA74;
			productRefGroup = 6033585A16E529160091FA74 /* Products */;
			projectDirPath = "";
			projectRoot = "";
			targets = (
				6033585816E529160091FA74 /* STL Sample 01 */,
			);
		};
/* End PBXProject section */

/* Begin PBXSourcesBuildPhase section */
		6033585516E529160091FA74 /* Sources */ = {
			isa = PBXSourcesBuildPhase;
			buildActionMask = 2147483647;
			files = (
				6033585D16E529160091FA74 /* main.cpp in Sources */,
				6033586716E529D10091FA74 /* Class.cpp in Sources */,
			);
			runOnlyForDeploymentPostprocessing = 0;
		};
/* End PBXSourcesBuildPhase section */

/* Begin XCBuildConfiguration section */
		6033586016E529160091FA74 /* Debug */ = {
			isa = XCBuildConfiguration;
			buildSettings = {
				ALWAYS_SEARCH_USER_PATHS = NO;
				ARCHS = "$(ARCHS_STANDARD_64_BIT)";
				CLANG_CXX_LANGUAGE_STANDARD = "gnu++0x";
				CLANG_CXX_LIBRARY = "libc++";
				CLANG_WARN_CONSTANT_CONVERSION = YES;
				CLANG_WARN_EMPTY_BODY = YES;
				CLANG_WARN_ENUM_CONVERSION = YES;
				CLANG_WARN_INT_CONVERSION = YES;
				CLANG_WARN__DUPLICATE_METHOD_MATCH = YES;
				COPY_PHASE_STRIP = NO;
				GCC_C_LANGUAGE_STANDARD = gnu99;
				GCC_DYNAMIC_NO_PIC = NO;
				GCC_ENABLE_OBJC_EXCEPTIONS = YES;
				GCC_OPTIMIZATION_LEVEL = 0;
				GCC_PREPROCESSOR_DEFINITIONS = (
					"DEBUG=1",
					"$(inherited)",
				);
				GCC_SYMBOLS_PRIVATE_EXTERN = NO;
				GCC_WARN_64_TO_32_BIT_CONVERSION = YES;
				GCC_WARN_ABOUT_RETURN_TYPE = YES;
				GCC_WARN_UNINITIALIZED_AUTOS = YES;
				GCC_WARN_UNUSED_VARIABLE = YES;
				MACOSX_DEPLOYMENT_TARGET = 10.8;
				ONLY_ACTIVE_ARCH = YES;
				SDKROOT = macosx;
			};
			name = Debug;
		};
		6033586116E529160091FA74 /* Release */ = {
			isa = XCBuildConfiguration;
			buildSettings = {
				ALWAYS_SEARCH_USER_PATHS = NO;
				ARCHS = "$(ARCHS_STANDARD_64_BIT)";
				CLANG_CXX_LANGUAGE_STANDARD = "gnu++0x";
				CLANG_CXX_LIBRARY = "libc++";
				CLANG_WARN_CONSTANT_CONVERSION = YES;
				CLANG_WARN_EMPTY_BODY = YES;
				CLANG_WARN_ENUM_CONVERSION = YES;
				CLANG_WARN_INT_CONVERSION = YES;
				CLANG_WARN__DUPLICATE_METHOD_MATCH = YES;
				COPY_PHASE_STRIP = YES;
				DEBUG_INFORMATION_FORMAT = "dwarf-with-dsym";
				GCC_C_LANGUAGE_STANDARD = gnu99;
				GCC_ENABLE_OBJC_EXCEPTIONS = YES;
				GCC_WARN_64_TO_32_BIT_CONVERSION = YES;
				GCC_WARN_ABOUT_RETURN_TYPE = YES;
				GCC_WARN_UNINITIALIZED_AUTOS = YES;
				GCC_WARN_UNUSED_VARIABLE = YES;
				MACOSX_DEPLOYMENT_TARGET = 10.8;
				SDKROOT = macosx;
			};
			name = Release;
		};
		6033586316E529160091FA74 /* Debug */ = {
			isa = XCBuildConfiguration;
			buildSettings = {
				PRODUCT_NAME = "$(TARGET_NAME)";
			};
			name = Debug;
		};
		6033586416E529160091FA74 /* Release */ = {
			isa = XCBuildConfiguration;
			buildSettings = {
				PRODUCT_NAME = "$(TARGET_NAME)";
			};
			name = Release;
		};
/* End XCBuildConfiguration section */

/* Begin XCConfigurationList section */
		6033585416E529160091FA74 /* Build configuration list for PBXProject "STL Sample 01" */ = {
			isa = XCConfigurationList;
			buildConfigurations = (
				6033586016E529160091FA74 /* Debug */,
				6033586116E529160091FA74 /* Release */,
			);
			defaultConfigurationIsVisible = 0;
			defaultConfigurationName = Release;
		};
		6033586216E529160091FA74 /* Build configuration list for PBXNativeTarget "STL Sample 01" */ = {
			isa = XCConfigurationList;
			buildConfigurations = (
				6033586316E529160091FA74 /* Debug */,
				6033586416E529160091FA74 /* Release */,
			);
			defaultConfigurationIsVisible = 0;
		};
/* End XCConfigurationList section */
	};
	rootObject = 6033585116E529160091FA74 /* Project object */;
}
